
Microsoft Visual Studio Solution File, Format Version 12.00
# Visual Studio Version 16
VisualStudioVersion = 16.0.30523.141
MinimumVisualStudioVersion = 10.0.40219.1
Project("{8BC9CEB8-8B4A-11D0-8D11-00A0C91BC942}") = "A2MS2", "A2MS2.vcxproj", "{0E091861-0362-4798-A48E-EAE099C9174B}"
EndProject
Global
	GlobalSection(SolutionConfigurationPlatforms) = preSolution
		Debug|x64 = Debug|x64
		Debug|x86 = Debug|x86
		Release|x64 = Release|x64
		Release|x86 = Release|x86
	EndGlobalSection
	GlobalSection(ProjectConfigurationPlatforms) = postSolution
		{0E091861-0362-4798-A48E-EAE099C9174B}.Debug|x64.ActiveCfg = Debug|x64
		{0E091861-0362-4798-A48E-EAE099C9174B}.Debug|x64.Build.0 = Debug|x64
		{0E091861-0362-4798-A48E-EAE099C9174B}.Debug|x86.ActiveCfg = Debug|Win32
		{0E091861-0362-4798-A48E-EAE099C9174B}.Debug|x86.Build.0 = Debug|Win32
		{0E091861-0362-4798-A48E-EAE099C9174B}.Release|x64.ActiveCfg = Release|x64
		{0E091861-0362-4798-A48E-EAE099C9174B}.Release|x64.Build.0 = Release|x64
		{0E091861-0362-4798-A48E-EAE099C9174B}.Release|x86.ActiveCfg = Release|Win32
		{0E091861-0362-4798-A48E-EAE099C9174B}.Release|x86.Build.0 = Release|Win32
	EndGlobalSection
	GlobalSection(SolutionProperties) = preSolution
		HideSolutionNode = FALSE
	EndGlobalSection
	GlobalSection(ExtensibilityGlobals) = postSolution
		SolutionGuid = {761D3208-60C7-49C9-A037-1357777D8457}
	EndGlobalSection
EndGlobal
